schema: '2.0'
stages:
  load_data:
    cmd: python src/load_data.py --config=params.yaml
    deps:
    - path: data_given/winequality.csv
      md5: ccc8d3507eb151f53f760d36abdef888
      size: 91998
    - path: src/get_data.py
      md5: ee731483497ce883ae3e7dd8f0d97271
      size: 694
    - path: src/load_data.py
      md5: 99dcba48f2200de78e296b0a483fbbb9
      size: 669
    outs:
    - path: data/raw/winequality.csv
      md5: d98e8f2eca228c11c4de1cc96866a54d
      size: 93598
